
Microsoft Visual Studio Solution File, Format Version 12.00
# Visual Studio Version 16
VisualStudioVersion = 16.0.29509.3
MinimumVisualStudioVersion = 10.0.40219.1
Project("{FAE04EC0-301F-11D3-BF4B-00C04F79EFBC}") = "ParalleAndTaskTest", "ParalleAndTaskTest\ParalleAndTaskTest.csproj", "{C56722F4-2670-459E-99EB-8CE94C03C274}"
EndProject
Global
	GlobalSection(SolutionConfigurationPlatforms) = preSolution
		Debug|Any CPU = Debug|Any CPU
		Release|Any CPU = Release|Any CPU
	EndGlobalSection
	GlobalSection(ProjectConfigurationPlatforms) = postSolution
		{C56722F4-2670-459E-99EB-8CE94C03C274}.Debug|Any CPU.ActiveCfg = Debug|Any CPU
		{C56722F4-2670-459E-99EB-8CE94C03C274}.Debug|Any CPU.Build.0 = Debug|Any CPU
		{C56722F4-2670-459E-99EB-8CE94C03C274}.Release|Any CPU.ActiveCfg = Release|Any CPU
		{C56722F4-2670-459E-99EB-8CE94C03C274}.Release|Any CPU.Build.0 = Release|Any CPU
	EndGlobalSection
	GlobalSection(SolutionProperties) = preSolution
		HideSolutionNode = FALSE
	EndGlobalSection
	GlobalSection(ExtensibilityGlobals) = postSolution
		SolutionGuid = {FAAC47FF-C491-4C20-9B76-1CA2E43EF926}
	EndGlobalSection
EndGlobal
