
Microsoft Visual Studio Solution File, Format Version 12.00
# Visual Studio Version 16
VisualStudioVersion = 16.0.29509.3
MinimumVisualStudioVersion = 10.0.40219.1
Project("{FAE04EC0-301F-11D3-BF4B-00C04F79EFBC}") = "iDisposableTest", "iDisposableTest\iDisposableTest.csproj", "{12526A27-F15B-4429-AD4D-3C73A56B4186}"
EndProject
Global
	GlobalSection(SolutionConfigurationPlatforms) = preSolution
		Debug|Any CPU = Debug|Any CPU
		Release|Any CPU = Release|Any CPU
	EndGlobalSection
	GlobalSection(ProjectConfigurationPlatforms) = postSolution
		{12526A27-F15B-4429-AD4D-3C73A56B4186}.Debug|Any CPU.ActiveCfg = Debug|Any CPU
		{12526A27-F15B-4429-AD4D-3C73A56B4186}.Debug|Any CPU.Build.0 = Debug|Any CPU
		{12526A27-F15B-4429-AD4D-3C73A56B4186}.Release|Any CPU.ActiveCfg = Release|Any CPU
		{12526A27-F15B-4429-AD4D-3C73A56B4186}.Release|Any CPU.Build.0 = Release|Any CPU
	EndGlobalSection
	GlobalSection(SolutionProperties) = preSolution
		HideSolutionNode = FALSE
	EndGlobalSection
	GlobalSection(ExtensibilityGlobals) = postSolution
		SolutionGuid = {87884A11-9EE1-4ECD-818C-6FE6809BF8FF}
	EndGlobalSection
EndGlobal
